// !$*UTF8*$!
{
	archiveVersion = 1;
	classes = {
	};
	objectVersion = 46;
	objects = {

/* Begin PBXBuildFile section */
		89E4525E1C8E804A00886C64 /* AppDelegate.swift in Sources */ = {isa = PBXBuildFile; fileRef = 89E4525D1C8E804A00886C64 /* AppDelegate.swift */; };
		89E452601C8E804A00886C64 /* GameScene.sks in Resources */ = {isa = PBXBuildFile; fileRef = 89E4525F1C8E804A00886C64 /* GameScene.sks */; };
		89E452621C8E804A00886C64 /* GameScene.swift in Sources */ = {isa = PBXBuildFile; fileRef = 89E452611C8E804A00886C64 /* GameScene.swift */; };
		89E452641C8E804A00886C64 /* GameViewController.swift in Sources */ = {isa = PBXBuildFile; fileRef = 89E452631C8E804A00886C64 /* GameViewController.swift */; };
		89E452671C8E804A00886C64 /* Main.storyboard in Resources */ = {isa = PBXBuildFile; fileRef = 89E452651C8E804A00886C64 /* Main.storyboard */; };
		89E452691C8E804A00886C64 /* Assets.xcassets in Resources */ = {isa = PBXBuildFile; fileRef = 89E452681C8E804A00886C64 /* Assets.xcassets */; };
		89E4526C1C8E804A00886C64 /* LaunchScreen.storyboard in Resources */ = {isa = PBXBuildFile; fileRef = 89E4526A1C8E804A00886C64 /* LaunchScreen.storyboard */; };
		89E452771C8E804A00886C64 /* Square_Vacuum_CleanerTests.swift in Sources */ = {isa = PBXBuildFile; fileRef = 89E452761C8E804A00886C64 /* Square_Vacuum_CleanerTests.swift */; };
		89E452821C8E804A00886C64 /* Square_Vacuum_CleanerUITests.swift in Sources */ = {isa = PBXBuildFile; fileRef = 89E452811C8E804A00886C64 /* Square_Vacuum_CleanerUITests.swift */; };
/* End PBXBuildFile section */

/* Begin PBXContainerItemProxy section */
		89E452731C8E804A00886C64 /* PBXContainerItemProxy */ = {
			isa = PBXContainerItemProxy;
			containerPortal = 89E452521C8E804A00886C64 /* Project object */;
			proxyType = 1;
			remoteGlobalIDString = 89E452591C8E804A00886C64;
			remoteInfo = "Square Vacuum Cleaner";
		};
		89E4527E1C8E804A00886C64 /* PBXContainerItemProxy */ = {
			isa = PBXContainerItemProxy;
			containerPortal = 89E452521C8E804A00886C64 /* Project object */;
			proxyType = 1;
			remoteGlobalIDString = 89E452591C8E804A00886C64;
			remoteInfo = "Square Vacuum Cleaner";
		};
/* End PBXContainerItemProxy section */

/* Begin PBXFileReference section */
		89E4525A1C8E804A00886C64 /* Square Vacuum Cleaner.app */ = {isa = PBXFileReference; explicitFileType = wrapper.application; includeInIndex = 0; path = "Square Vacuum Cleaner.app"; sourceTree = BUILT_PRODUCTS_DIR; };
		89E4525D1C8E804A00886C64 /* AppDelegate.swift */ = {isa = PBXFileReference; lastKnownFileType = sourcecode.swift; path = AppDelegate.swift; sourceTree = "<group>"; };
		89E4525F1C8E804A00886C64 /* GameScene.sks */ = {isa = PBXFileReference; lastKnownFileType = file.sks; path = GameScene.sks; sourceTree = "<group>"; };
		89E452611C8E804A00886C64 /* GameScene.swift */ = {isa = PBXFileReference; lastKnownFileType = sourcecode.swift; path = GameScene.swift; sourceTree = "<group>"; };
		89E452631C8E804A00886C64 /* GameViewController.swift */ = {isa = PBXFileReference; lastKnownFileType = sourcecode.swift; path = GameViewController.swift; sourceTree = "<group>"; };
		89E452661C8E804A00886C64 /* Base */ = {isa = PBXFileReference; lastKnownFileType = file.storyboard; name = Base; path = Base.lproj/Main.storyboard; sourceTree = "<group>"; };
		89E452681C8E804A00886C64 /* Assets.xcassets */ = {isa = PBXFileReference; lastKnownFileType = folder.assetcatalog; path = Assets.xcassets; sourceTree = "<group>"; };
		89E4526B1C8E804A00886C64 /* Base */ = {isa = PBXFileReference; lastKnownFileType = file.storyboard; name = Base; path = Base.lproj/LaunchScreen.storyboard; sourceTree = "<group>"; };
		89E4526D1C8E804A00886C64 /* Info.plist */ = {isa = PBXFileReference; lastKnownFileType = text.plist.xml; path = Info.plist; sourceTree = "<group>"; };
		89E452721C8E804A00886C64 /* Square Vacuum CleanerTests.xctest */ = {isa = PBXFileReference; explicitFileType = wrapper.cfbundle; includeInIndex = 0; path = "Square Vacuum CleanerTests.xctest"; sourceTree = BUILT_PRODUCTS_DIR; };
		89E452761C8E804A00886C64 /* Square_Vacuum_CleanerTests.swift */ = {isa = PBXFileReference; lastKnownFileType = sourcecode.swift; path = Square_Vacuum_CleanerTests.swift; sourceTree = "<group>"; };
		89E452781C8E804A00886C64 /* Info.plist */ = {isa = PBXFileReference; lastKnownFileType = text.plist.xml; path = Info.plist; sourceTree = "<group>"; };
		89E4527D1C8E804A00886C64 /* Square Vacuum CleanerUITests.xctest */ = {isa = PBXFileReference; explicitFileType = wrapper.cfbundle; includeInIndex = 0; path = "Square Vacuum CleanerUITests.xctest"; sourceTree = BUILT_PRODUCTS_DIR; };
		89E452811C8E804A00886C64 /* Square_Vacuum_CleanerUITests.swift */ = {isa = PBXFileReference; lastKnownFileType = sourcecode.swift; path = Square_Vacuum_CleanerUITests.swift; sourceTree = "<group>"; };
		89E452831C8E804A00886C64 /* Info.plist */ = {isa = PBXFileReference; lastKnownFileType = text.plist.xml; path = Info.plist; sourceTree = "<group>"; };
/* End PBXFileReference section */

/* Begin PBXFrameworksBuildPhase section */
		89E452571C8E804A00886C64 /* Frameworks */ = {
			isa = PBXFrameworksBuildPhase;
			buildActionMask = 2147483647;
			files = (
			);
			runOnlyForDeploymentPostprocessing = 0;
		};
		89E4526F1C8E804A00886C64 /* Frameworks */ = {
			isa = PBXFrameworksBuildPhase;
			buildActionMask = 2147483647;
			files = (
			);
			runOnlyForDeploymentPostprocessing = 0;
		};
		89E4527A1C8E804A00886C64 /* Frameworks */ = {
			isa = PBXFrameworksBuildPhase;
			buildActionMask = 2147483647;
			files = (
			);
			runOnlyForDeploymentPostprocessing = 0;
		};
/* End PBXFrameworksBuildPhase section */

/* Begin PBXGroup section */
		89E452511C8E804A00886C64 = {
			isa = PBXGroup;
			children = (
				89E4525C1C8E804A00886C64 /* Square Vacuum Cleaner */,
				89E452751C8E804A00886C64 /* Square Vacuum CleanerTests */,
				89E452801C8E804A00886C64 /* Square Vacuum CleanerUITests */,
				89E4525B1C8E804A00886C64 /* Products */,
			);
			sourceTree = "<group>";
		};
		89E4525B1C8E804A00886C64 /* Products */ = {
			isa = PBXGroup;
			children = (
				89E4525A1C8E804A00886C64 /* Square Vacuum Cleaner.app */,
				89E452721C8E804A00886C64 /* Square Vacuum CleanerTests.xctest */,
				89E4527D1C8E804A00886C64 /* Square Vacuum CleanerUITests.xctest */,
			);
			name = Products;
			sourceTree = "<group>";
		};
		89E4525C1C8E804A00886C64 /* Square Vacuum Cleaner */ = {
			isa = PBXGroup;
			children = (
				89E4525D1C8E804A00886C64 /* AppDelegate.swift */,
				89E4525F1C8E804A00886C64 /* GameScene.sks */,
				89E452611C8E804A00886C64 /* GameScene.swift */,
				89E452631C8E804A00886C64 /* GameViewController.swift */,
				89E452651C8E804A00886C64 /* Main.storyboard */,
				89E452681C8E804A00886C64 /* Assets.xcassets */,
				89E4526A1C8E804A00886C64 /* LaunchScreen.storyboard */,
				89E4526D1C8E804A00886C64 /* Info.plist */,
			);
			path = "Square Vacuum Cleaner";
			sourceTree = "<group>";
		};
		89E452751C8E804A00886C64 /* Square Vacuum CleanerTests */ = {
			isa = PBXGroup;
			children = (
				89E452761C8E804A00886C64 /* Square_Vacuum_CleanerTests.swift */,
				89E452781C8E804A00886C64 /* Info.plist */,
			);
			path = "Square Vacuum CleanerTests";
			sourceTree = "<group>";
		};
		89E452801C8E804A00886C64 /* Square Vacuum CleanerUITests */ = {
			isa = PBXGroup;
			children = (
				89E452811C8E804A00886C64 /* Square_Vacuum_CleanerUITests.swift */,
				89E452831C8E804A00886C64 /* Info.plist */,
			);
			path = "Square Vacuum CleanerUITests";
			sourceTree = "<group>";
		};
/* End PBXGroup section */

/* Begin PBXNativeTarget section */
		89E452591C8E804A00886C64 /* Square Vacuum Cleaner */ = {
			isa = PBXNativeTarget;
			buildConfigurationList = 89E452861C8E804A00886C64 /* Build configuration list for PBXNativeTarget "Square Vacuum Cleaner" */;
			buildPhases = (
				89E452561C8E804A00886C64 /* Sources */,
				89E452571C8E804A00886C64 /* Frameworks */,
				89E452581C8E804A00886C64 /* Resources */,
			);
			buildRules = (
			);
			dependencies = (
			);
			name = "Square Vacuum Cleaner";
			productName = "Square Vacuum Cleaner";
			productReference = 89E4525A1C8E804A00886C64 /* Square Vacuum Cleaner.app */;
			productType = "com.apple.product-type.application";
		};
		89E452711C8E804A00886C64 /* Square Vacuum CleanerTests */ = {
			isa = PBXNativeTarget;
			buildConfigurationList = 89E452891C8E804A00886C64 /* Build configuration list for PBXNativeTarget "Square Vacuum CleanerTests" */;
			buildPhases = (
				89E4526E1C8E804A00886C64 /* Sources */,
				89E4526F1C8E804A00886C64 /* Frameworks */,
				89E452701C8E804A00886C64 /* Resources */,
			);
			buildRules = (
			);
			dependencies = (
				89E452741C8E804A00886C64 /* PBXTargetDependency */,
			);
			name = "Square Vacuum CleanerTests";
			productName = "Square Vacuum CleanerTests";
			productReference = 89E452721C8E804A00886C64 /* Square Vacuum CleanerTests.xctest */;
			productType = "com.apple.product-type.bundle.unit-test";
		};
		89E4527C1C8E804A00886C64 /* Square Vacuum CleanerUITests */ = {
			isa = PBXNativeTarget;
			buildConfigurationList = 89E4528C1C8E804A00886C64 /* Build configuration list for PBXNativeTarget "Square Vacuum CleanerUITests" */;
			buildPhases = (
				89E452791C8E804A00886C64 /* Sources */,
				89E4527A1C8E804A00886C64 /* Frameworks */,
				89E4527B1C8E804A00886C64 /* Resources */,
			);
			buildRules = (
			);
			dependencies = (
				89E4527F1C8E804A00886C64 /* PBXTargetDependency */,
			);
			name = "Square Vacuum CleanerUITests";
			productName = "Square Vacuum CleanerUITests";
			productReference = 89E4527D1C8E804A00886C64 /* Square Vacuum CleanerUITests.xctest */;
			productType = "com.apple.product-type.bundle.ui-testing";
		};
/* End PBXNativeTarget section */

/* Begin PBXProject section */
		89E452521C8E804A00886C64 /* Project object */ = {
			isa = PBXProject;
			attributes = {
				LastSwiftUpdateCheck = 0720;
				LastUpgradeCheck = 0720;
				ORGANIZATIONNAME = "Willis Programming";
				TargetAttributes = {
					89E452591C8E804A00886C64 = {
						CreatedOnToolsVersion = 7.2.1;
					};
					89E452711C8E804A00886C64 = {
						CreatedOnToolsVersion = 7.2.1;
						TestTargetID = 89E452591C8E804A00886C64;
					};
					89E4527C1C8E804A00886C64 = {
						CreatedOnToolsVersion = 7.2.1;
						TestTargetID = 89E452591C8E804A00886C64;
					};
				};
			};
			buildConfigurationList = 89E452551C8E804A00886C64 /* Build configuration list for PBXProject "Square Vacuum Cleaner" */;
			compatibilityVersion = "Xcode 3.2";
			developmentRegion = English;
			hasScannedForEncodings = 0;
			knownRegions = (
				en,
				Base,
			);
			mainGroup = 89E452511C8E804A00886C64;
			productRefGroup = 89E4525B1C8E804A00886C64 /* Products */;
			projectDirPath = "";
			projectRoot = "";
			targets = (
				89E452591C8E804A00886C64 /* Square Vacuum Cleaner */,
				89E452711C8E804A00886C64 /* Square Vacuum CleanerTests */,
				89E4527C1C8E804A00886C64 /* Square Vacuum CleanerUITests */,
			);
		};
/* End PBXProject section */

/* Begin PBXResourcesBuildPhase section */
		89E452581C8E804A00886C64 /* Resources */ = {
			isa = PBXResourcesBuildPhase;
			buildActionMask = 2147483647;
			files = (
				89E452601C8E804A00886C64 /* GameScene.sks in Resources */,
				89E4526C1C8E804A00886C64 /* LaunchScreen.storyboard in Resources */,
				89E452691C8E804A00886C64 /* Assets.xcassets in Resources */,
				89E452671C8E804A00886C64 /* Main.storyboard in Resources */,
			);
			runOnlyForDeploymentPostprocessing = 0;
		};
		89E452701C8E804A00886C64 /* Resources */ = {
			isa = PBXResourcesBuildPhase;
			buildActionMask = 2147483647;
			files = (
			);
			runOnlyForDeploymentPostprocessing = 0;
		};
		89E4527B1C8E804A00886C64 /* Resources */ = {
			isa = PBXResourcesBuildPhase;
			buildActionMask = 2147483647;
			files = (
			);
			runOnlyForDeploymentPostprocessing = 0;
		};
/* End PBXResourcesBuildPhase section */

/* Begin PBXSourcesBuildPhase section */
		89E452561C8E804A00886C64 /* Sources */ = {
			isa = PBXSourcesBuildPhase;
			buildActionMask = 2147483647;
			files = (
				89E452621C8E804A00886C64 /* GameScene.swift in Sources */,
				89E452641C8E804A00886C64 /* GameViewController.swift in Sources */,
				89E4525E1C8E804A00886C64 /* AppDelegate.swift in Sources */,
			);
			runOnlyForDeploymentPostprocessing = 0;
		};
		89E4526E1C8E804A00886C64 /* Sources */ = {
			isa = PBXSourcesBuildPhase;
			buildActionMask = 2147483647;
			files = (
				89E452771C8E804A00886C64 /* Square_Vacuum_CleanerTests.swift in Sources */,
			);
			runOnlyForDeploymentPostprocessing = 0;
		};
		89E452791C8E804A00886C64 /* Sources */ = {
			isa = PBXSourcesBuildPhase;
			buildActionMask = 2147483647;
			files = (
				89E452821C8E804A00886C64 /* Square_Vacuum_CleanerUITests.swift in Sources */,
			);
			runOnlyForDeploymentPostprocessing = 0;
		};
/* End PBXSourcesBuildPhase section */

/* Begin PBXTargetDependency section */
		89E452741C8E804A00886C64 /* PBXTargetDependency */ = {
			isa = PBXTargetDependency;
			target = 89E452591C8E804A00886C64 /* Square Vacuum Cleaner */;
			targetProxy = 89E452731C8E804A00886C64 /* PBXContainerItemProxy */;
		};
		89E4527F1C8E804A00886C64 /* PBXTargetDependency */ = {
			isa = PBXTargetDependency;
			target = 89E452591C8E804A00886C64 /* Square Vacuum Cleaner */;
			targetProxy = 89E4527E1C8E804A00886C64 /* PBXContainerItemProxy */;
		};
/* End PBXTargetDependency section */

/* Begin PBXVariantGroup section */
		89E452651C8E804A00886C64 /* Main.storyboard */ = {
			isa = PBXVariantGroup;
			children = (
				89E452661C8E804A00886C64 /* Base */,
			);
			name = Main.storyboard;
			sourceTree = "<group>";
		};
		89E4526A1C8E804A00886C64 /* LaunchScreen.storyboard */ = {
			isa = PBXVariantGroup;
			children = (
				89E4526B1C8E804A00886C64 /* Base */,
			);
			name = LaunchScreen.storyboard;
			sourceTree = "<group>";
		};
/* End PBXVariantGroup section */

/* Begin XCBuildConfiguration section */
		89E452841C8E804A00886C64 /* Debug */ = {
			isa = XCBuildConfiguration;
			buildSettings = {
				ALWAYS_SEARCH_USER_PATHS = NO;
				CLANG_CXX_LANGUAGE_STANDARD = "gnu++0x";
				CLANG_CXX_LIBRARY = "libc++";
				CLANG_ENABLE_MODULES = YES;
				CLANG_ENABLE_OBJC_ARC = YES;
				CLANG_WARN_BOOL_CONVERSION = YES;
				CLANG_WARN_CONSTANT_CONVERSION = YES;
				CLANG_WARN_DIRECT_OBJC_ISA_USAGE = YES_ERROR;
				CLANG_WARN_EMPTY_BODY = YES;
				CLANG_WARN_ENUM_CONVERSION = YES;
				CLANG_WARN_INT_CONVERSION = YES;
				CLANG_WARN_OBJC_ROOT_CLASS = YES_ERROR;
				CLANG_WARN_UNREACHABLE_CODE = YES;
				CLANG_WARN__DUPLICATE_METHOD_MATCH = YES;
				"CODE_SIGN_IDENTITY[sdk=iphoneos*]" = "iPhone Developer";
				COPY_PHASE_STRIP = NO;
				DEBUG_INFORMATION_FORMAT = "dwarf-with-dsym";
				ENABLE_STRICT_OBJC_MSGSEND = YES;
				ENABLE_TESTABILITY = YES;
				GCC_C_LANGUAGE_STANDARD = gnu99;
				GCC_DYNAMIC_NO_PIC = NO;
				GCC_NO_COMMON_BLOCKS = YES;
				GCC_OPTIMIZATION_LEVEL = 0;
				GCC_PREPROCESSOR_DEFINITIONS = (
					"DEBUG=1",
					"$(inherited)",
				);
				GCC_WARN_64_TO_32_BIT_CONVERSION = YES;
				GCC_WARN_ABOUT_RETURN_TYPE = YES_ERROR;
				GCC_WARN_UNDECLARED_SELECTOR = YES;
				GCC_WARN_UNINITIALIZED_AUTOS = YES_AGGRESSIVE;
				GCC_WARN_UNUSED_FUNCTION = YES;
				GCC_WARN_UNUSED_VARIABLE = YES;
				IPHONEOS_DEPLOYMENT_TARGET = 9.2;
				MTL_ENABLE_DEBUG_INFO = YES;
				ONLY_ACTIVE_ARCH = YES;
				SDKROOT = iphoneos;
				SWIFT_OPTIMIZATION_LEVEL = "-Onone";
				TARGETED_DEVICE_FAMILY = "1,2";
			};
			name = Debug;
		};
		89E452851C8E804A00886C64 /* Release */ = {
			isa = XCBuildConfiguration;
			buildSettings = {
				ALWAYS_SEARCH_USER_PATHS = NO;
				CLANG_CXX_LANGUAGE_STANDARD = "gnu++0x";
				CLANG_CXX_LIBRARY = "libc++";
				CLANG_ENABLE_MODULES = YES;
				CLANG_ENABLE_OBJC_ARC = YES;
				CLANG_WARN_BOOL_CONVERSION = YES;
				CLANG_WARN_CONSTANT_CONVERSION = YES;
				CLANG_WARN_DIRECT_OBJC_ISA_USAGE = YES_ERROR;
				CLANG_WARN_EMPTY_BODY = YES;
				CLANG_WARN_ENUM_CONVERSION = YES;
				CLANG_WARN_INT_CONVERSION = YES;
				CLANG_WARN_OBJC_ROOT_CLASS = YES_ERROR;
				CLANG_WARN_UNREACHABLE_CODE = YES;
				CLANG_WARN__DUPLICATE_METHOD_MATCH = YES;
				"CODE_SIGN_IDENTITY[sdk=iphoneos*]" = "iPhone Developer";
				COPY_PHASE_STRIP = NO;
				DEBUG_INFORMATION_FORMAT = "dwarf-with-dsym";
				ENABLE_NS_ASSERTIONS = NO;
				ENABLE_STRICT_OBJC_MSGSEND = YES;
				GCC_C_LANGUAGE_STANDARD = gnu99;
				GCC_NO_COMMON_BLOCKS = YES;
				GCC_WARN_64_TO_32_BIT_CONVERSION = YES;
				GCC_WARN_ABOUT_RETURN_TYPE = YES_ERROR;
				GCC_WARN_UNDECLARED_SELECTOR = YES;
				GCC_WARN_UNINITIALIZED_AUTOS = YES_AGGRESSIVE;
				GCC_WARN_UNUSED_FUNCTION = YES;
				GCC_WARN_UNUSED_VARIABLE = YES;
				IPHONEOS_DEPLOYMENT_TARGET = 9.2;
				MTL_ENABLE_DEBUG_INFO = NO;
				SDKROOT = iphoneos;
				TARGETED_DEVICE_FAMILY = "1,2";
				VALIDATE_PRODUCT = YES;
			};
			name = Release;
		};
		89E452871C8E804A00886C64 /* Debug */ = {
			isa = XCBuildConfiguration;
			buildSettings = {
				ASSETCATALOG_COMPILER_APPICON_NAME = AppIcon;
				INFOPLIST_FILE = "Square Vacuum Cleaner/Info.plist";
				LD_RUNPATH_SEARCH_PATHS = "$(inherited) @executable_path/Frameworks";
				PRODUCT_BUNDLE_IDENTIFIER = "com.WillisProgramming.Square-Vacuum-Cleaner";
				PRODUCT_NAME = "$(TARGET_NAME)";
			};
			name = Debug;
		};
		89E452881C8E804A00886C64 /* Release */ = {
			isa = XCBuildConfiguration;
			buildSettings = {
				ASSETCATALOG_COMPILER_APPICON_NAME = AppIcon;
				INFOPLIST_FILE = "Square Vacuum Cleaner/Info.plist";
				LD_RUNPATH_SEARCH_PATHS = "$(inherited) @executable_path/Frameworks";
				PRODUCT_BUNDLE_IDENTIFIER = "com.WillisProgramming.Square-Vacuum-Cleaner";
				PRODUCT_NAME = "$(TARGET_NAME)";
			};
			name = Release;
		};
		89E4528A1C8E804A00886C64 /* Debug */ = {
			isa = XCBuildConfiguration;
			buildSettings = {
				BUNDLE_LOADER = "$(TEST_HOST)";
				DEBUG_INFORMATION_FORMAT = dwarf;
				INFOPLIST_FILE = "Square Vacuum CleanerTests/Info.plist";
				LD_RUNPATH_SEARCH_PATHS = "$(inherited) @executable_path/Frameworks @loader_path/Frameworks";
				PRODUCT_BUNDLE_IDENTIFIER = "com.WillisProgramming.Square-Vacuum-CleanerTests";
				PRODUCT_NAME = "$(TARGET_NAME)";
				TEST_HOST = "$(BUILT_PRODUCTS_DIR)/Square Vacuum Cleaner.app/Square Vacuum Cleaner";
			};
			name = Debug;
		};
		89E4528B1C8E804A00886C64 /* Release */ = {
			isa = XCBuildConfiguration;
			buildSettings = {
				BUNDLE_LOADER = "$(TEST_HOST)";
				INFOPLIST_FILE = "Square Vacuum CleanerTests/Info.plist";
				LD_RUNPATH_SEARCH_PATHS = "$(inherited) @executable_path/Frameworks @loader_path/Frameworks";
				PRODUCT_BUNDLE_IDENTIFIER = "com.WillisProgramming.Square-Vacuum-CleanerTests";
				PRODUCT_NAME = "$(TARGET_NAME)";
				TEST_HOST = "$(BUILT_PRODUCTS_DIR)/Square Vacuum Cleaner.app/Square Vacuum Cleaner";
			};
			name = Release;
		};
		89E4528D1C8E804A00886C64 /* Debug */ = {
			isa = XCBuildConfiguration;
			buildSettings = {
				DEBUG_INFORMATION_FORMAT = dwarf;
				INFOPLIST_FILE = "Square Vacuum CleanerUITests/Info.plist";
				LD_RUNPATH_SEARCH_PATHS = "$(inherited) @executable_path/Frameworks @loader_path/Frameworks";
				PRODUCT_BUNDLE_IDENTIFIER = "com.WillisProgramming.Square-Vacuum-CleanerUITests";
				PRODUCT_NAME = "$(TARGET_NAME)";
				TEST_TARGET_NAME = "Square Vacuum Cleaner";
				USES_XCTRUNNER = YES;
			};
			name = Debug;
		};
		89E4528E1C8E804A00886C64 /* Release */ = {
			isa = XCBuildConfiguration;
			buildSettings = {
				INFOPLIST_FILE = "Square Vacuum CleanerUITests/Info.plist";
				LD_RUNPATH_SEARCH_PATHS = "$(inherited) @executable_path/Frameworks @loader_path/Frameworks";
				PRODUCT_BUNDLE_IDENTIFIER = "com.WillisProgramming.Square-Vacuum-CleanerUITests";
				PRODUCT_NAME = "$(TARGET_NAME)";
				TEST_TARGET_NAME = "Square Vacuum Cleaner";
				USES_XCTRUNNER = YES;
			};
			name = Release;
		};
/* End XCBuildConfiguration section */

/* Begin XCConfigurationList section */
		89E452551C8E804A00886C64 /* Build configuration list for PBXProject "Square Vacuum Cleaner" */ = {
			isa = XCConfigurationList;
			buildConfigurations = (
				89E452841C8E804A00886C64 /* Debug */,
				89E452851C8E804A00886C64 /* Release */,
			);
			defaultConfigurationIsVisible = 0;
			defaultConfigurationName = Release;
		};
		89E452861C8E804A00886C64 /* Build configuration list for PBXNativeTarget "Square Vacuum Cleaner" */ = {
			isa = XCConfigurationList;
			buildConfigurations = (
				89E452871C8E804A00886C64 /* Debug */,
				89E452881C8E804A00886C64 /* Release */,
			);
			defaultConfigurationIsVisible = 0;
		};
		89E452891C8E804A00886C64 /* Build configuration list for PBXNativeTarget "Square Vacuum CleanerTests" */ = {
			isa = XCConfigurationList;
			buildConfigurations = (
				89E4528A1C8E804A00886C64 /* Debug */,
				89E4528B1C8E804A00886C64 /* Release */,
			);
			defaultConfigurationIsVisible = 0;
		};
		89E4528C1C8E804A00886C64 /* Build configuration list for PBXNativeTarget "Square Vacuum CleanerUITests" */ = {
			isa = XCConfigurationList;
			buildConfigurations = (
				89E4528D1C8E804A00886C64 /* Debug */,
				89E4528E1C8E804A00886C64 /* Release */,
			);
			defaultConfigurationIsVisible = 0;
		};
/* End XCConfigurationList section */
	};
	rootObject = 89E452521C8E804A00886C64 /* Project object */;
}
